
Microsoft Visual Studio Solution File, Format Version 12.00
# Visual Studio Version 16
VisualStudioVersion = 16.0.31729.503
MinimumVisualStudioVersion = 10.0.40219.1
Project("{FAE04EC0-301F-11D3-BF4B-00C04F79EFBC}") = "API_Clientes", "API_Clientes\API_Clientes.csproj", "{A28F3075-EC01-4184-8DE5-D9B0B1274E59}"
EndProject
Global
	GlobalSection(SolutionConfigurationPlatforms) = preSolution
		Debug|Any CPU = Debug|Any CPU
		Release|Any CPU = Release|Any CPU
	EndGlobalSection
	GlobalSection(ProjectConfigurationPlatforms) = postSolution
		{A28F3075-EC01-4184-8DE5-D9B0B1274E59}.Debug|Any CPU.ActiveCfg = Debug|Any CPU
		{A28F3075-EC01-4184-8DE5-D9B0B1274E59}.Debug|Any CPU.Build.0 = Debug|Any CPU
		{A28F3075-EC01-4184-8DE5-D9B0B1274E59}.Release|Any CPU.ActiveCfg = Release|Any CPU
		{A28F3075-EC01-4184-8DE5-D9B0B1274E59}.Release|Any CPU.Build.0 = Release|Any CPU
	EndGlobalSection
	GlobalSection(SolutionProperties) = preSolution
		HideSolutionNode = FALSE
	EndGlobalSection
	GlobalSection(ExtensibilityGlobals) = postSolution
		SolutionGuid = {1F477844-0BC6-40D7-A6B6-79B11D3BA006}
	EndGlobalSection
EndGlobal
