
Microsoft Visual Studio Solution File, Format Version 12.00
# Visual Studio Version 16
VisualStudioVersion = 16.0.31729.503
MinimumVisualStudioVersion = 10.0.40219.1
Project("{FAE04EC0-301F-11D3-BF4B-00C04F79EFBC}") = "ConsumirApiClientes", "ApiClientes\ConsumirApiClientes.csproj", "{9430D1AF-76B7-41B2-8517-3100DF0C50AF}"
EndProject
Global
	GlobalSection(SolutionConfigurationPlatforms) = preSolution
		Debug|Any CPU = Debug|Any CPU
		Release|Any CPU = Release|Any CPU
	EndGlobalSection
	GlobalSection(ProjectConfigurationPlatforms) = postSolution
		{9430D1AF-76B7-41B2-8517-3100DF0C50AF}.Debug|Any CPU.ActiveCfg = Debug|Any CPU
		{9430D1AF-76B7-41B2-8517-3100DF0C50AF}.Debug|Any CPU.Build.0 = Debug|Any CPU
		{9430D1AF-76B7-41B2-8517-3100DF0C50AF}.Release|Any CPU.ActiveCfg = Release|Any CPU
		{9430D1AF-76B7-41B2-8517-3100DF0C50AF}.Release|Any CPU.Build.0 = Release|Any CPU
	EndGlobalSection
	GlobalSection(SolutionProperties) = preSolution
		HideSolutionNode = FALSE
	EndGlobalSection
	GlobalSection(ExtensibilityGlobals) = postSolution
		SolutionGuid = {E9970170-9ED8-46DE-BF88-3F5CDCB5D4AD}
	EndGlobalSection
EndGlobal
